<?xml version="1.0" encoding="utf-8"?>
<Project ToolsVersion="4.0" xmlns="http://schemas.microsoft.com/developer/msbuild/2003">
  <ItemGroup>
    <Filter Include="소스 파일">
      <UniqueIdentifier>{4FC737F1-C7A5-4376-A066-2A32D752A2FF}</UniqueIdentifier>
      <Extensions>cpp;c;cc;cxx;def;odl;idl;hpj;bat;asm;asmx</Extensions>
    </Filter>
    <Filter Include="헤더 파일">
      <UniqueIdentifier>{93995380-89BD-4b04-88EB-625FBE52EBFB}</UniqueIdentifier>
      <Extensions>h;hh;hpp;hxx;hm;inl;inc;ipp;xsd</Extensions>
    </Filter>
    <Filter Include="리소스 파일">
      <UniqueIdentifier>{67DA6AB6-F800-4c08-8B7A-83BB121AAD01}</UniqueIdentifier>
      <Extensions>rc;ico;cur;bmp;dlg;rc2;rct;bin;rgs;gif;jpg;jpeg;jpe;resx;tiff;tif;png;wav;mfcribbon-ms</Extensions>
    </Filter>
    <Filter Include="Common">
      <UniqueIdentifier>{b51b37f5-8059-461a-a1b6-d28d6a06e2c7}</UniqueIdentifier>
    </Filter>
    <Filter Include="Network">
      <UniqueIdentifier>{01e390e1-6cfe-42e0-bc51-55078b0df39c}</UniqueIdentifier>
    </Filter>
    <Filter Include="Common\Protocol">
      <UniqueIdentifier>{321d939d-cea0-4d84-9c66-148366c57cbc}</UniqueIdentifier>
    </Filter>
    <Filter Include="Common\Util">
      <UniqueIdentifier>{16a44e2f-bb51-4921-ab8f-71242fbc70f4}</UniqueIdentifier>
    </Filter>
    <Filter Include="Logic">
      <UniqueIdentifier>{dafcf8f7-b2f3-4d16-952e-6d9a88d60194}</UniqueIdentifier>
    </Filter>
  </ItemGroup>
  <ItemGroup>
    <ClInclude Include="Network\Network.h">
      <Filter>Network</Filter>
    </ClInclude>
    <ClInclude Include="Network\INetwork.h">
      <Filter>Network</Filter>
    </ClInclude>
    <ClInclude Include="..\Common\Util\stream.h">
      <Filter>Common\Util</Filter>
    </ClInclude>
    <ClInclude Include="..\Common\Protocol\PacketBase.h">
      <Filter>Common\Protocol</Filter>
    </ClInclude>
    <ClInclude Include="..\Common\Protocol\protocol.h">
      <Filter>Common\Protocol</Filter>
    </ClInclude>
    <ClInclude Include="..\Common\Protocol\Define.h">
      <Filter>Common\Protocol</Filter>
    </ClInclude>
    <ClInclude Include="Logic\LogicMain.h">
      <Filter>Logic</Filter>
    </ClInclude>
    <ClInclude Include="Network\NetErrno.h">
      <Filter>Network</Filter>
    </ClInclude>
    <ClInclude Include="..\Common\Protocol\Errno.h">
      <Filter>Common\Protocol</Filter>
    </ClInclude>
  </ItemGroup>
  <ItemGroup>
    <ClCompile Include="main.cpp">
      <Filter>소스 파일</Filter>
    </ClCompile>
    <ClCompile Include="Network\Network.cpp">
      <Filter>Network</Filter>
    </ClCompile>
    <ClCompile Include="..\Common\Util\stream.cpp">
      <Filter>Common\Util</Filter>
    </ClCompile>
    <ClCompile Include="..\Common\Protocol\PacketBase.cpp">
      <Filter>Common\Protocol</Filter>
    </ClCompile>
    <ClCompile Include="..\Common\Protocol\protocol.cpp">
      <Filter>Common\Protocol</Filter>
    </ClCompile>
    <ClCompile Include="Logic\LogicMain.cpp">
      <Filter>Logic</Filter>
    </ClCompile>
  </ItemGroup>
</Project>